
Microsoft Visual Studio Solution File, Format Version 12.00
# Visual Studio 15
VisualStudioVersion = 15.0.27130.2003
MinimumVisualStudioVersion = 10.0.40219.1
Project("{9A19103F-16F7-4668-BE54-9A1E7A4F7556}") = "RedisCore", "RedisCore\RedisCore.csproj", "{3B06111C-B401-4424-868C-50A402C37BE9}"
EndProject
Project("{9A19103F-16F7-4668-BE54-9A1E7A4F7556}") = "CSRedisClient", "CSRedisClient\CSRedisClient.csproj", "{970FD670-5E78-4A04-851F-0F717309EAD2}"
EndProject
Project("{9A19103F-16F7-4668-BE54-9A1E7A4F7556}") = "Microsoft.Extensions.Caching.CSRedis", "Caching\Microsoft.Extensions.Caching.CSRedis.csproj", "{30898A5C-F6D8-4E6E-AD3E-91FF959FE528}"
EndProject
Global
	GlobalSection(SolutionConfigurationPlatforms) = preSolution
		Debug|Any CPU = Debug|Any CPU
		Release|Any CPU = Release|Any CPU
	EndGlobalSection
	GlobalSection(ProjectConfigurationPlatforms) = postSolution
		{3B06111C-B401-4424-868C-50A402C37BE9}.Debug|Any CPU.ActiveCfg = Debug|Any CPU
		{3B06111C-B401-4424-868C-50A402C37BE9}.Debug|Any CPU.Build.0 = Debug|Any CPU
		{3B06111C-B401-4424-868C-50A402C37BE9}.Release|Any CPU.ActiveCfg = Release|Any CPU
		{3B06111C-B401-4424-868C-50A402C37BE9}.Release|Any CPU.Build.0 = Release|Any CPU
		{970FD670-5E78-4A04-851F-0F717309EAD2}.Debug|Any CPU.ActiveCfg = Debug|Any CPU
		{970FD670-5E78-4A04-851F-0F717309EAD2}.Debug|Any CPU.Build.0 = Debug|Any CPU
		{970FD670-5E78-4A04-851F-0F717309EAD2}.Release|Any CPU.ActiveCfg = Release|Any CPU
		{970FD670-5E78-4A04-851F-0F717309EAD2}.Release|Any CPU.Build.0 = Release|Any CPU
		{30898A5C-F6D8-4E6E-AD3E-91FF959FE528}.Debug|Any CPU.ActiveCfg = Debug|Any CPU
		{30898A5C-F6D8-4E6E-AD3E-91FF959FE528}.Debug|Any CPU.Build.0 = Debug|Any CPU
		{30898A5C-F6D8-4E6E-AD3E-91FF959FE528}.Release|Any CPU.ActiveCfg = Release|Any CPU
		{30898A5C-F6D8-4E6E-AD3E-91FF959FE528}.Release|Any CPU.Build.0 = Release|Any CPU
	EndGlobalSection
	GlobalSection(SolutionProperties) = preSolution
		HideSolutionNode = FALSE
	EndGlobalSection
	GlobalSection(ExtensibilityGlobals) = postSolution
		SolutionGuid = {23F197AD-C362-4FBD-9319-E983F61E3F8E}
	EndGlobalSection
EndGlobal
